
Microsoft Visual Studio Solution File, Format Version 12.00
# Visual Studio Version 17
VisualStudioVersion = 17.5.002.0
MinimumVisualStudioVersion = 10.0.40219.1
Project("{9A19103F-16F7-4668-BE54-9A1E7A4F7556}") = "Gerenciamento_de_Tarefas", "Gerenciamento_de_Tarefas.csproj", "{72966AA3-C25C-4EE5-BEE2-D997A052A693}"
EndProject
Global
	GlobalSection(SolutionConfigurationPlatforms) = preSolution
		Debug|Any CPU = Debug|Any CPU
		Release|Any CPU = Release|Any CPU
	EndGlobalSection
	GlobalSection(ProjectConfigurationPlatforms) = postSolution
		{72966AA3-C25C-4EE5-BEE2-D997A052A693}.Debug|Any CPU.ActiveCfg = Debug|Any CPU
		{72966AA3-C25C-4EE5-BEE2-D997A052A693}.Debug|Any CPU.Build.0 = Debug|Any CPU
		{72966AA3-C25C-4EE5-BEE2-D997A052A693}.Release|Any CPU.ActiveCfg = Release|Any CPU
		{72966AA3-C25C-4EE5-BEE2-D997A052A693}.Release|Any CPU.Build.0 = Release|Any CPU
	EndGlobalSection
	GlobalSection(SolutionProperties) = preSolution
		HideSolutionNode = FALSE
	EndGlobalSection
	GlobalSection(ExtensibilityGlobals) = postSolution
		SolutionGuid = {B237039B-0F0C-4FF3-A286-3E4BF776125F}
	EndGlobalSection
EndGlobal
